
Microsoft Visual Studio Solution File, Format Version 12.00
# Visual Studio Version 17
VisualStudioVersion = 17.9.34728.123
MinimumVisualStudioVersion = 10.0.40219.1
Project("{FAE04EC0-301F-11D3-BF4B-00C04F79EFBC}") = "ex002", "ex002\ex002.csproj", "{762B0E85-5DA7-4CAE-8177-F5D6D3BD504F}"
EndProject
Global
	GlobalSection(SolutionConfigurationPlatforms) = preSolution
		Debug|Any CPU = Debug|Any CPU
		Release|Any CPU = Release|Any CPU
	EndGlobalSection
	GlobalSection(ProjectConfigurationPlatforms) = postSolution
		{762B0E85-5DA7-4CAE-8177-F5D6D3BD504F}.Debug|Any CPU.ActiveCfg = Debug|Any CPU
		{762B0E85-5DA7-4CAE-8177-F5D6D3BD504F}.Debug|Any CPU.Build.0 = Debug|Any CPU
		{762B0E85-5DA7-4CAE-8177-F5D6D3BD504F}.Release|Any CPU.ActiveCfg = Release|Any CPU
		{762B0E85-5DA7-4CAE-8177-F5D6D3BD504F}.Release|Any CPU.Build.0 = Release|Any CPU
	EndGlobalSection
	GlobalSection(SolutionProperties) = preSolution
		HideSolutionNode = FALSE
	EndGlobalSection
	GlobalSection(ExtensibilityGlobals) = postSolution
		SolutionGuid = {BF4CDDA4-CF0C-4DF3-B5EE-0C65EAC5BEAB}
	EndGlobalSection
EndGlobal
