
Microsoft Visual Studio Solution File, Format Version 12.00
# Visual Studio Version 16
VisualStudioVersion = 16.0.29215.179
MinimumVisualStudioVersion = 10.0.40219.1
Project("{FAE04EC0-301F-11D3-BF4B-00C04F79EFBC}") = "ordenação", "ordenação.csproj", "{1F60606A-ECD9-44F8-949B-18C24DA7D9E3}"
EndProject
Global
	GlobalSection(SolutionConfigurationPlatforms) = preSolution
		Debug|Any CPU = Debug|Any CPU
		Release|Any CPU = Release|Any CPU
	EndGlobalSection
	GlobalSection(ProjectConfigurationPlatforms) = postSolution
		{1F60606A-ECD9-44F8-949B-18C24DA7D9E3}.Debug|Any CPU.ActiveCfg = Debug|Any CPU
		{1F60606A-ECD9-44F8-949B-18C24DA7D9E3}.Debug|Any CPU.Build.0 = Debug|Any CPU
		{1F60606A-ECD9-44F8-949B-18C24DA7D9E3}.Release|Any CPU.ActiveCfg = Release|Any CPU
		{1F60606A-ECD9-44F8-949B-18C24DA7D9E3}.Release|Any CPU.Build.0 = Release|Any CPU
	EndGlobalSection
	GlobalSection(SolutionProperties) = preSolution
		HideSolutionNode = FALSE
	EndGlobalSection
	GlobalSection(ExtensibilityGlobals) = postSolution
		SolutionGuid = {873C03C5-849A-431C-A8BF-7EAE58490BDD}
	EndGlobalSection
EndGlobal
