
Microsoft Visual Studio Solution File, Format Version 12.00
# Visual Studio Version 17
VisualStudioVersion = 17.9.34728.123
MinimumVisualStudioVersion = 10.0.40219.1
Project("{FAE04EC0-301F-11D3-BF4B-00C04F79EFBC}") = "ex004", "ex004\ex004.csproj", "{07755CAA-E9C1-4CB9-8AEF-5CF0F276605D}"
EndProject
Global
	GlobalSection(SolutionConfigurationPlatforms) = preSolution
		Debug|Any CPU = Debug|Any CPU
		Release|Any CPU = Release|Any CPU
	EndGlobalSection
	GlobalSection(ProjectConfigurationPlatforms) = postSolution
		{07755CAA-E9C1-4CB9-8AEF-5CF0F276605D}.Debug|Any CPU.ActiveCfg = Debug|Any CPU
		{07755CAA-E9C1-4CB9-8AEF-5CF0F276605D}.Debug|Any CPU.Build.0 = Debug|Any CPU
		{07755CAA-E9C1-4CB9-8AEF-5CF0F276605D}.Release|Any CPU.ActiveCfg = Release|Any CPU
		{07755CAA-E9C1-4CB9-8AEF-5CF0F276605D}.Release|Any CPU.Build.0 = Release|Any CPU
	EndGlobalSection
	GlobalSection(SolutionProperties) = preSolution
		HideSolutionNode = FALSE
	EndGlobalSection
	GlobalSection(ExtensibilityGlobals) = postSolution
		SolutionGuid = {49EEB533-8D74-40D8-AC4C-3E4D65A18B62}
	EndGlobalSection
EndGlobal
