
Microsoft Visual Studio Solution File, Format Version 12.00
# Visual Studio Version 17
VisualStudioVersion = 17.9.34728.123
MinimumVisualStudioVersion = 10.0.40219.1
Project("{FAE04EC0-301F-11D3-BF4B-00C04F79EFBC}") = "ex001", "ex001\ex001.csproj", "{12B98220-5DB1-40FD-BF02-6F96D808D30D}"
EndProject
Global
	GlobalSection(SolutionConfigurationPlatforms) = preSolution
		Debug|Any CPU = Debug|Any CPU
		Release|Any CPU = Release|Any CPU
	EndGlobalSection
	GlobalSection(ProjectConfigurationPlatforms) = postSolution
		{12B98220-5DB1-40FD-BF02-6F96D808D30D}.Debug|Any CPU.ActiveCfg = Debug|Any CPU
		{12B98220-5DB1-40FD-BF02-6F96D808D30D}.Debug|Any CPU.Build.0 = Debug|Any CPU
		{12B98220-5DB1-40FD-BF02-6F96D808D30D}.Release|Any CPU.ActiveCfg = Release|Any CPU
		{12B98220-5DB1-40FD-BF02-6F96D808D30D}.Release|Any CPU.Build.0 = Release|Any CPU
	EndGlobalSection
	GlobalSection(SolutionProperties) = preSolution
		HideSolutionNode = FALSE
	EndGlobalSection
	GlobalSection(ExtensibilityGlobals) = postSolution
		SolutionGuid = {D37EF802-2F38-49B7-B789-9F609AC9A402}
	EndGlobalSection
EndGlobal
