
Microsoft Visual Studio Solution File, Format Version 12.00
# Visual Studio Version 17
VisualStudioVersion = 17.9.34728.123
MinimumVisualStudioVersion = 10.0.40219.1
Project("{FAE04EC0-301F-11D3-BF4B-00C04F79EFBC}") = "ex003", "ex003\ex003.csproj", "{6A32C651-C22B-4740-9F76-8E02AF812A70}"
EndProject
Global
	GlobalSection(SolutionConfigurationPlatforms) = preSolution
		Debug|Any CPU = Debug|Any CPU
		Release|Any CPU = Release|Any CPU
	EndGlobalSection
	GlobalSection(ProjectConfigurationPlatforms) = postSolution
		{6A32C651-C22B-4740-9F76-8E02AF812A70}.Debug|Any CPU.ActiveCfg = Debug|Any CPU
		{6A32C651-C22B-4740-9F76-8E02AF812A70}.Debug|Any CPU.Build.0 = Debug|Any CPU
		{6A32C651-C22B-4740-9F76-8E02AF812A70}.Release|Any CPU.ActiveCfg = Release|Any CPU
		{6A32C651-C22B-4740-9F76-8E02AF812A70}.Release|Any CPU.Build.0 = Release|Any CPU
	EndGlobalSection
	GlobalSection(SolutionProperties) = preSolution
		HideSolutionNode = FALSE
	EndGlobalSection
	GlobalSection(ExtensibilityGlobals) = postSolution
		SolutionGuid = {769AAB77-B91D-486E-B0CD-D0B2F06ADC6E}
	EndGlobalSection
EndGlobal
